
Microsoft Visual Studio Solution File, Format Version 12.00
# Visual Studio Version 16
VisualStudioVersion = 16.0.31229.75
MinimumVisualStudioVersion = 10.0.40219.1
Project("{FAE04EC0-301F-11D3-BF4B-00C04F79EFBC}") = "while statement", "while statement.csproj", "{D09290F6-90EC-41A5-858C-16538E0C8B56}"
EndProject
Global
	GlobalSection(SolutionConfigurationPlatforms) = preSolution
		Debug|Any CPU = Debug|Any CPU
		Release|Any CPU = Release|Any CPU
	EndGlobalSection
	GlobalSection(ProjectConfigurationPlatforms) = postSolution
		{D09290F6-90EC-41A5-858C-16538E0C8B56}.Debug|Any CPU.ActiveCfg = Debug|Any CPU
		{D09290F6-90EC-41A5-858C-16538E0C8B56}.Debug|Any CPU.Build.0 = Debug|Any CPU
		{D09290F6-90EC-41A5-858C-16538E0C8B56}.Release|Any CPU.ActiveCfg = Release|Any CPU
		{D09290F6-90EC-41A5-858C-16538E0C8B56}.Release|Any CPU.Build.0 = Release|Any CPU
	EndGlobalSection
	GlobalSection(SolutionProperties) = preSolution
		HideSolutionNode = FALSE
	EndGlobalSection
	GlobalSection(ExtensibilityGlobals) = postSolution
		SolutionGuid = {4645A38B-1420-45A6-9054-CE616B997D8F}
	EndGlobalSection
EndGlobal
